<?xml version="1.0" encoding="utf-8"?>
<Project ToolsVersion="4.0" xmlns="http://schemas.microsoft.com/developer/msbuild/2003">
  <ItemGroup>
    <Filter Include="Resource Files">
      <UniqueIdentifier>{67DA6AB6-F800-4c08-8B7A-83BB121AAD01}</UniqueIdentifier>
      <Extensions>rc;ico;cur;bmp;dlg;rc2;rct;bin;rgs;gif;jpg;jpeg;jpe;resx;tiff;tif;png;wav;mfcribbon-ms</Extensions>
    </Filter>
    <Filter Include="Coms">
      <UniqueIdentifier>{89d5c8d3-b731-4ac7-a565-5afa8576e8c8}</UniqueIdentifier>
    </Filter>
    <Filter Include="Acc">
      <UniqueIdentifier>{8f468c04-5db1-4597-b50b-53f5cfc1c9e7}</UniqueIdentifier>
    </Filter>
    <Filter Include="Utility">
      <UniqueIdentifier>{b07ae0d6-bcb4-49af-81ea-aa6bb9bec209}</UniqueIdentifier>
    </Filter>
    <Filter Include="Lidar">
      <UniqueIdentifier>{686735f6-ffe3-4331-aad8-d615bad79c01}</UniqueIdentifier>
    </Filter>
  </ItemGroup>
  <ItemGroup>
    <ClInclude Include="AccGyro.h">
      <Filter>Acc</Filter>
    </ClInclude>
    <ClInclude Include="AP_InertialSensor_MPU6000.h">
      <Filter>Acc</Filter>
    </ClInclude>
    <ClInclude Include="SPI.h">
      <Filter>Acc</Filter>
    </ClInclude>
    <ClInclude Include="vector2.h">
      <Filter>Acc</Filter>
    </ClInclude>
    <ClInclude Include="vector3.h">
      <Filter>Acc</Filter>
    </ClInclude>
    <ClInclude Include="Coms.h">
      <Filter>Coms</Filter>
    </ClInclude>
    <ClInclude Include="ComsDecoder.h">
      <Filter>Coms</Filter>
    </ClInclude>
    <ClInclude Include="ComsEncoder.h">
      <Filter>Coms</Filter>
    </ClInclude>
    <ClInclude Include="XBee.h">
      <Filter>Coms</Filter>
    </ClInclude>
    <ClInclude Include="Monitor.h">
      <Filter>Utility</Filter>
    </ClInclude>
    <ClInclude Include="CircularBuffer_Manager.h">
      <Filter>Utility</Filter>
    </ClInclude>
    <ClInclude Include="Error.h">
      <Filter>Utility</Filter>
    </ClInclude>
    <ClInclude Include="Visual Micro\.Hornet_Firmware.vsarduino.h" />
    <ClInclude Include="APM_2_5_PINS.h" />
    <ClInclude Include="HornetManager.h" />
    <ClInclude Include="resource.h" />
    <ClInclude Include="Scheduler.h" />
    <ClInclude Include="Lidar.h">
      <Filter>Lidar</Filter>
    </ClInclude>
    <ClInclude Include="Indicator.h">
      <Filter>Utility</Filter>
    </ClInclude>
    <ClInclude Include="Drone.h" />
    <ClInclude Include="CONFIG.h" />
  </ItemGroup>
  <ItemGroup>
    <ClCompile Include="SPI.cpp">
      <Filter>Acc</Filter>
    </ClCompile>
    <ClCompile Include="AccGyro.cpp">
      <Filter>Acc</Filter>
    </ClCompile>
    <ClCompile Include="AP_InertialSensor_MPU6000.cpp">
      <Filter>Acc</Filter>
    </ClCompile>
    <ClCompile Include="Coms.cpp">
      <Filter>Coms</Filter>
    </ClCompile>
    <ClCompile Include="ComsDecoder.cpp">
      <Filter>Coms</Filter>
    </ClCompile>
    <ClCompile Include="ComsEncoder.cpp">
      <Filter>Coms</Filter>
    </ClCompile>
    <ClCompile Include="XBee.cpp">
      <Filter>Coms</Filter>
    </ClCompile>
    <ClCompile Include="Monitor.cpp">
      <Filter>Utility</Filter>
    </ClCompile>
    <ClCompile Include="Error.cpp">
      <Filter>Utility</Filter>
    </ClCompile>
    <ClCompile Include="HornetManager.cpp" />
    <ClCompile Include="Scheduler.cpp" />
    <ClCompile Include="Lidar.cpp">
      <Filter>Lidar</Filter>
    </ClCompile>
    <ClCompile Include="Indicator.cpp">
      <Filter>Utility</Filter>
    </ClCompile>
    <ClCompile Include="Drone.cpp" />
  </ItemGroup>
  <ItemGroup>
    <None Include="Hornet_Firmware.ino" />
  </ItemGroup>
  <ItemGroup>
    <ResourceCompile Include="Hornet_Firmware.rc">
      <Filter>Resource Files</Filter>
    </ResourceCompile>
  </ItemGroup>
</Project>