<?xml version="1.0" encoding="utf-8"?>
<Project ToolsVersion="4.0" xmlns="http://schemas.microsoft.com/developer/msbuild/2003">
  <ItemGroup>
    <Filter Include="Source Files">
      <UniqueIdentifier>{4FC737F1-C7A5-4376-A066-2A32D752A2FF}</UniqueIdentifier>
      <Extensions>cpp;c;cc;cxx;def;odl;idl;hpj;bat;asm;asmx</Extensions>
    </Filter>
    <Filter Include="Header Files">
      <UniqueIdentifier>{93995380-89BD-4b04-88EB-625FBE52EBFB}</UniqueIdentifier>
      <Extensions>h;hh;hpp;hxx;hm;inl;inc;xsd</Extensions>
    </Filter>
    <Filter Include="Resource Files">
      <UniqueIdentifier>{67DA6AB6-F800-4c08-8B7A-83BB121AAD01}</UniqueIdentifier>
      <Extensions>rc;ico;cur;bmp;dlg;rc2;rct;bin;rgs;gif;jpg;jpeg;jpe;resx;tiff;tif;png;wav;mfcribbon-ms</Extensions>
    </Filter>
    <Filter Include="Coms">
      <UniqueIdentifier>{89d5c8d3-b731-4ac7-a565-5afa8576e8c8}</UniqueIdentifier>
    </Filter>
    <Filter Include="Acc">
      <UniqueIdentifier>{8f468c04-5db1-4597-b50b-53f5cfc1c9e7}</UniqueIdentifier>
    </Filter>
    <Filter Include="Acc\Header File">
      <UniqueIdentifier>{118ce714-da8b-42e0-8243-c55082364e77}</UniqueIdentifier>
    </Filter>
    <Filter Include="Acc\Source Files">
      <UniqueIdentifier>{5cc1fad9-1c5e-4d34-9215-ff03ecadd523}</UniqueIdentifier>
    </Filter>
    <Filter Include="Coms\Source Files">
      <UniqueIdentifier>{28d09798-b261-4744-86ba-cd8748d2f5b0}</UniqueIdentifier>
    </Filter>
    <Filter Include="Coms\Header File">
      <UniqueIdentifier>{878e6359-d5f9-4d28-9db4-d6d7d71e610e}</UniqueIdentifier>
    </Filter>
    <Filter Include="Utility">
      <UniqueIdentifier>{b07ae0d6-bcb4-49af-81ea-aa6bb9bec209}</UniqueIdentifier>
    </Filter>
    <Filter Include="Utility\Header File">
      <UniqueIdentifier>{a3d8c1f5-ffcf-41fd-9ac3-e714c92e25bd}</UniqueIdentifier>
    </Filter>
    <Filter Include="Utility\Source Files">
      <UniqueIdentifier>{a56fd643-e3ca-4a57-9e89-3861cb35cf87}</UniqueIdentifier>
    </Filter>
  </ItemGroup>
  <ItemGroup>
    <ClInclude Include="Visual Micro\.Hornet_Firmware.vsarduino.h">
      <Filter>Header Files</Filter>
    </ClInclude>
    <ClInclude Include="APM_2_5_PINS.h">
      <Filter>Header Files</Filter>
    </ClInclude>
    <ClInclude Include="Indicator.h">
      <Filter>Header Files</Filter>
    </ClInclude>
    <ClInclude Include="HornetManager.h">
      <Filter>Header Files</Filter>
    </ClInclude>
    <ClInclude Include="CONFIG.h">
      <Filter>Header Files</Filter>
    </ClInclude>
    <ClInclude Include="resource.h">
      <Filter>Header Files</Filter>
    </ClInclude>
    <ClInclude Include="AccGyro.h">
      <Filter>Acc\Header File</Filter>
    </ClInclude>
    <ClInclude Include="AP_InertialSensor_MPU6000.h">
      <Filter>Acc\Header File</Filter>
    </ClInclude>
    <ClInclude Include="SPI.h">
      <Filter>Acc\Header File</Filter>
    </ClInclude>
    <ClInclude Include="vector2.h">
      <Filter>Acc\Header File</Filter>
    </ClInclude>
    <ClInclude Include="vector3.h">
      <Filter>Acc\Header File</Filter>
    </ClInclude>
    <ClInclude Include="Coms.h">
      <Filter>Coms\Header File</Filter>
    </ClInclude>
    <ClInclude Include="ComsDecoder.h">
      <Filter>Coms\Header File</Filter>
    </ClInclude>
    <ClInclude Include="ComsEncoder.h">
      <Filter>Coms\Header File</Filter>
    </ClInclude>
    <ClInclude Include="XBee.h">
      <Filter>Coms\Header File</Filter>
    </ClInclude>
    <ClInclude Include="Error.h">
      <Filter>Utility\Header File</Filter>
    </ClInclude>
    <ClInclude Include="CircularBuffer_Manager.h">
      <Filter>Utility\Header File</Filter>
    </ClInclude>
    <ClInclude Include="Monitor.h">
      <Filter>Utility\Header File</Filter>
    </ClInclude>
  </ItemGroup>
  <ItemGroup>
    <ClCompile Include="Indicator.cpp">
      <Filter>Source Files</Filter>
    </ClCompile>
    <ClCompile Include="HornetManager.cpp">
      <Filter>Source Files</Filter>
    </ClCompile>
    <ClCompile Include="AccGyro.cpp">
      <Filter>Acc\Source Files</Filter>
    </ClCompile>
    <ClCompile Include="AP_InertialSensor_MPU6000.cpp">
      <Filter>Acc\Source Files</Filter>
    </ClCompile>
    <ClCompile Include="SPI.cpp">
      <Filter>Acc\Source Files</Filter>
    </ClCompile>
    <ClCompile Include="Coms.cpp">
      <Filter>Coms\Source Files</Filter>
    </ClCompile>
    <ClCompile Include="ComsDecoder.cpp">
      <Filter>Coms\Source Files</Filter>
    </ClCompile>
    <ClCompile Include="ComsEncoder.cpp">
      <Filter>Coms\Source Files</Filter>
    </ClCompile>
    <ClCompile Include="XBee.cpp">
      <Filter>Coms\Source Files</Filter>
    </ClCompile>
    <ClCompile Include="Error.cpp">
      <Filter>Utility\Source Files</Filter>
    </ClCompile>
    <ClCompile Include="Monitor.cpp">
      <Filter>Utility\Source Files</Filter>
    </ClCompile>
  </ItemGroup>
  <ItemGroup>
    <None Include="Hornet_Firmware.ino" />
  </ItemGroup>
  <ItemGroup>
    <ResourceCompile Include="Hornet_Firmware.rc">
      <Filter>Resource Files</Filter>
    </ResourceCompile>
  </ItemGroup>
</Project>